
Microsoft Visual Studio Solution File, Format Version 12.00
# Visual Studio Version 17
VisualStudioVersion = 17.14.36327.8 d17.14
MinimumVisualStudioVersion = 10.0.40219.1
Project("{FAE04EC0-301F-11D3-BF4B-00C04F79EFBC}") = "exercice_drones", "exercice_drones\exercice_drones.csproj", "{9FA1B1D0-9DF5-4194-ACC2-AB49C55938D8}"
EndProject
Global
	GlobalSection(SolutionConfigurationPlatforms) = preSolution
		Debug|Any CPU = Debug|Any CPU
		Release|Any CPU = Release|Any CPU
	EndGlobalSection
	GlobalSection(ProjectConfigurationPlatforms) = postSolution
		{9FA1B1D0-9DF5-4194-ACC2-AB49C55938D8}.Debug|Any CPU.ActiveCfg = Debug|Any CPU
		{9FA1B1D0-9DF5-4194-ACC2-AB49C55938D8}.Debug|Any CPU.Build.0 = Debug|Any CPU
		{9FA1B1D0-9DF5-4194-ACC2-AB49C55938D8}.Release|Any CPU.ActiveCfg = Release|Any CPU
		{9FA1B1D0-9DF5-4194-ACC2-AB49C55938D8}.Release|Any CPU.Build.0 = Release|Any CPU
	EndGlobalSection
	GlobalSection(SolutionProperties) = preSolution
		HideSolutionNode = FALSE
	EndGlobalSection
	GlobalSection(ExtensibilityGlobals) = postSolution
		SolutionGuid = {6607E004-2FB4-4B47-94E6-51B6800D9596}
	EndGlobalSection
EndGlobal
